
Microsoft Visual Studio Solution File, Format Version 12.00
# Visual Studio Version 16
VisualStudioVersion = 16.0.30413.136
MinimumVisualStudioVersion = 10.0.40219.1
Project("{FAE04EC0-301F-11D3-BF4B-00C04F79EFBC}") = "HttpServerAsp", "HttpServerAsp\HttpServerAsp.csproj", "{9C7E83F7-C934-46E7-AB8A-D90EB1C7A07C}"
EndProject
Global
	GlobalSection(SolutionConfigurationPlatforms) = preSolution
		Debug|Any CPU = Debug|Any CPU
		Release|Any CPU = Release|Any CPU
	EndGlobalSection
	GlobalSection(ProjectConfigurationPlatforms) = postSolution
		{9C7E83F7-C934-46E7-AB8A-D90EB1C7A07C}.Debug|Any CPU.ActiveCfg = Debug|Any CPU
		{9C7E83F7-C934-46E7-AB8A-D90EB1C7A07C}.Debug|Any CPU.Build.0 = Debug|Any CPU
		{9C7E83F7-C934-46E7-AB8A-D90EB1C7A07C}.Release|Any CPU.ActiveCfg = Release|Any CPU
		{9C7E83F7-C934-46E7-AB8A-D90EB1C7A07C}.Release|Any CPU.Build.0 = Release|Any CPU
	EndGlobalSection
	GlobalSection(SolutionProperties) = preSolution
		HideSolutionNode = FALSE
	EndGlobalSection
	GlobalSection(ExtensibilityGlobals) = postSolution
		SolutionGuid = {098D7703-900F-4CA5-8E90-0E22074E339D}
	EndGlobalSection
EndGlobal
